
Microsoft Visual Studio Solution File, Format Version 12.00
# Visual Studio Version 17
VisualStudioVersion = 17.11.35312.102
MinimumVisualStudioVersion = 10.0.40219.1
Project("{FAE04EC0-301F-11D3-BF4B-00C04F79EFBC}") = "DungeonCrawler", "DungeonCrawler\DungeonCrawler.csproj", "{F6A2D3B3-EF28-418E-85E9-7508D1E81292}"
EndProject
Global
	GlobalSection(SolutionConfigurationPlatforms) = preSolution
		Debug|Any CPU = Debug|Any CPU
		Release|Any CPU = Release|Any CPU
	EndGlobalSection
	GlobalSection(ProjectConfigurationPlatforms) = postSolution
		{F6A2D3B3-EF28-418E-85E9-7508D1E81292}.Debug|Any CPU.ActiveCfg = Debug|Any CPU
		{F6A2D3B3-EF28-418E-85E9-7508D1E81292}.Debug|Any CPU.Build.0 = Debug|Any CPU
		{F6A2D3B3-EF28-418E-85E9-7508D1E81292}.Release|Any CPU.ActiveCfg = Release|Any CPU
		{F6A2D3B3-EF28-418E-85E9-7508D1E81292}.Release|Any CPU.Build.0 = Release|Any CPU
	EndGlobalSection
	GlobalSection(SolutionProperties) = preSolution
		HideSolutionNode = FALSE
	EndGlobalSection
	GlobalSection(ExtensibilityGlobals) = postSolution
		SolutionGuid = {FD8C1C55-F69E-4D7A-A693-C9942720336C}
	EndGlobalSection
EndGlobal
